Microsoft Visual Studio Solution File, Format Version 12.00
# Visual Studio Version 17
VisualStudioVersion = 17.11.35312.102
MinimumVisualStudioVersion = 10.0.40219.1
Project("{9A19103F-16F7-4668-BE54-9A1E7A4F7556}") = "StarterMicroservice.API", "StarterMicroservice.API\StarterMicroservice.API.csproj", "{19490929-C858-479B-B6D9-9212E3062B78}"
EndProject
Global
	GlobalSection(SolutionConfigurationPlatforms) = preSolution
		Debug|Any CPU = Debug|Any CPU
		Release|Any CPU = Release|Any CPU
	EndGlobalSection
	GlobalSection(ProjectConfigurationPlatforms) = postSolution
		{19490929-C858-479B-B6D9-9212E3062B78}.Debug|Any CPU.ActiveCfg = Debug|Any CPU
		{19490929-C858-479B-B6D9-9212E3062B78}.Debug|Any CPU.Build.0 = Debug|Any CPU
		{19490929-C858-479B-B6D9-9212E3062B78}.Release|Any CPU.ActiveCfg = Release|Any CPU
		{19490929-C858-479B-B6D9-9212E3062B78}.Release|Any CPU.Build.0 = Release|Any CPU
	EndGlobalSection
	GlobalSection(SolutionProperties) = preSolution
		HideSolutionNode = FALSE
	EndGlobalSection
	GlobalSection(ExtensibilityGlobals) = postSolution
		SolutionGuid = {E53BFEA3-4481-4CAC-AA9A-895E9AAC965D}
	EndGlobalSection
EndGlobal
